
Microsoft Visual Studio Solution File, Format Version 12.00
# Visual Studio Version 16
VisualStudioVersion = 16.0.34301.259
MinimumVisualStudioVersion = 10.0.40219.1
Project("{FAE04EC0-301F-11D3-BF4B-00C04F79EFBC}") = "ControlPersonas", "ControlPersonas.csproj", "{B756B12C-8564-49AE-99D9-211A88038CE8}"
EndProject
Global
	GlobalSection(SolutionConfigurationPlatforms) = preSolution
		Debug|Any CPU = Debug|Any CPU
		Release|Any CPU = Release|Any CPU
	EndGlobalSection
	GlobalSection(ProjectConfigurationPlatforms) = postSolution
		{B756B12C-8564-49AE-99D9-211A88038CE8}.Debug|Any CPU.ActiveCfg = Debug|Any CPU
		{B756B12C-8564-49AE-99D9-211A88038CE8}.Debug|Any CPU.Build.0 = Debug|Any CPU
		{B756B12C-8564-49AE-99D9-211A88038CE8}.Release|Any CPU.ActiveCfg = Release|Any CPU
		{B756B12C-8564-49AE-99D9-211A88038CE8}.Release|Any CPU.Build.0 = Release|Any CPU
	EndGlobalSection
	GlobalSection(SolutionProperties) = preSolution
		HideSolutionNode = FALSE
	EndGlobalSection
	GlobalSection(ExtensibilityGlobals) = postSolution
		SolutionGuid = {D8DB4713-BB71-48CF-B2C5-900C420EE58F}
	EndGlobalSection
EndGlobal
